# This file is automatically @generated by Poetry 2.3.4 and should not be changed by hand.

[[package]]
name = "annotated-types"
version = "0.7.0"
description = "Reusable constraint types to use with typing.Annotated"
optional = false
python-versions = ">=3.8"
groups = ["main"]
files = [
    {file = "annotated_types-0.7.0-py3-none-any.whl", hash = "sha256:1f02e8b43a8fbbc3f3e0d4f0f4bfc8131bcb4eebe8849b8e5c773f3a1c582a53"},
    {file = "annotated_types-0.7.0.tar.gz", hash = "sha256:aff07c09a53a08bc8cfccb9c85b05f1aa9a2a6f23728d790723543408344ce89"},
]

[[package]]
name = "numpy"
version = "2.4.4"
description = "Fundamental package for array computing in Python"
optional = false
python-versions = ">=3.11"
groups = ["main"]
files = [
    {file = "numpy-2.4.4-cp311-cp311-macosx_10_9_x86_64.whl", hash = "sha256:f983334aea213c99992053ede6168500e5f086ce74fbc4acc3f2b00f5762e9db"},
    {file = "numpy-2.4.4-cp311-cp311-macosx_11_0_arm64.whl", hash = "sha256:72944b19f2324114e9dc86a159787333b77874143efcf89a5167ef83cfee8af0"},
    {file = "numpy-2.4.4-cp311-cp311-macosx_14_0_arm64.whl", hash = "sha256:86b6f55f5a352b48d7fbfd2dbc3d5b780b2d79f4d3c121f33eb6efb22e9a2015"},
    {file = "numpy-2.4.4-cp311-cp311-macosx_14_0_x86_64.whl", hash = "sha256:ba1f4fc670ed79f876f70082eff4f9583c15fb9a4b89d6188412de4d18ae2f40"},
    {file = "numpy-2.4.4-cp311-cp311-manylinux_2_27_aarch64.manylinux_2_28_aarch64.whl", hash = "sha256:8a87ec22c87be071b6bdbd27920b129b94f2fc964358ce38f3822635a3e2e03d"},
    {file = "numpy-2.4.4-cp311-cp311-manylinux_2_27_x86_64.manylinux_2_28_x86_64.whl", hash = "sha256:df3775294accfdd75f32c74ae39fcba920c9a378a2fc18a12b6820aa8c1fb502"},
    {file = "numpy-2.4.4-cp311-cp311-musllinux_1_2_aarch64.whl", hash = "sha256:0d4e437e295f18ec29bc79daf55e8a47a9113df44d66f702f02a293d93a2d6dd"},
    {file = "numpy-2.4.4-cp311-cp311-musllinux_1_2_x86_64.whl", hash = "sha256:6aa3236c78803afbcb255045fbef97a9e25a1f6c9888357d205ddc42f4d6eba5"},
    {file = "numpy-2.4.4-cp311-cp311-win32.whl", hash = "sha256:30caa73029a225b2d40d9fae193e008e24b2026b7ee1a867b7ee8d96ca1a448e"},
    {file = "numpy-2.4.4-cp311-cp311-win_amd64.whl", hash = "sha256:6bbe4eb67390b0a0265a2c25458f6b90a409d5d069f1041e6aff1e27e3d9a79e"},
    {file = "numpy-2.4.4-cp311-cp311-win_arm64.whl", hash = "sha256:fcfe2045fd2e8f3cb0ce9d4ba6dba6333b8fa05bb8a4939c908cd43322d14c7e"},
    {file = "numpy-2.4.4-cp312-cp312-macosx_10_13_x86_64.whl", hash = "sha256:15716cfef24d3a9762e3acdf87e27f58dc823d1348f765bbea6bef8c639bfa1b"},
    {file = "numpy-2.4.4-cp312-cp312-macosx_11_0_arm64.whl", hash = "sha256:23cbfd4c17357c81021f21540da84ee282b9c8fba38a03b7b9d09ba6b951421e"},
    {file = "numpy-2.4.4-cp312-cp312-macosx_14_0_arm64.whl", hash = "sha256:8b3b60bb7cba2c8c81837661c488637eee696f59a877788a396d33150c35d842"},
    {file = "numpy-2.4.4-cp312-cp312-macosx_14_0_x86_64.whl", hash = "sha256:e4a010c27ff6f210ff4c6ef34394cd61470d01014439b192ec22552ee867f2a8"},
    {file = "numpy-2.4.4-cp312-cp312-manylinux_2_27_aarch64.manylinux_2_28_aarch64.whl", hash = "sha256:f9e75681b59ddaa5e659898085ae0eaea229d054f2ac0c7e563a62205a700121"},
    {file = "numpy-2.4.4-cp312-cp312-manylinux_2_27_x86_64.manylinux_2_28_x86_64.whl", hash = "sha256:81f4a14bee47aec54f883e0cad2d73986640c1590eb9bfaaba7ad17394481e6e"},
    {file = "numpy-2.4.4-cp312-cp312-musllinux_1_2_aarch64.whl", hash = "sha256:62d6b0f03b694173f9fcb1fb317f7222fd0b0b103e784c6549f5e53a27718c44"},
    {file = "numpy-2.4.4-cp312-cp312-musllinux_1_2_x86_64.whl", hash = "sha256:fbc356aae7adf9e6336d336b9c8111d390a05df88f1805573ebb0807bd06fd1d"},
    {file = "numpy-2.4.4-cp312-cp312-win32.whl", hash = "sha256:0d35aea54ad1d420c812bfa0385c71cd7cc5bcf7c65fed95fc2cd02fe8c79827"},
    {file = "numpy-2.4.4-cp312-cp312-win_amd64.whl", hash = "sha256:b5f0362dc928a6ecd9db58868fca5e48485205e3855957bdedea308f8672ea4a"},
    {file = "numpy-2.4.4-cp312-cp312-win_arm64.whl", hash = "sha256:846300f379b5b12cc769334464656bc882e0735d27d9726568bc932fdc49d5ec"},
    {file = "numpy-2.4.4-cp313-cp313-macosx_10_13_x86_64.whl", hash = "sha256:08f2e31ed5e6f04b118e49821397f12767934cfdd12a1ce86a058f91e004ee50"},
    {file = "numpy-2.4.4-cp313-cp313-macosx_11_0_arm64.whl", hash = "sha256:e823b8b6edc81e747526f70f71a9c0a07ac4e7ad13020aa736bb7c9d67196115"},
    {file = "numpy-2.4.4-cp313-cp313-macosx_14_0_arm64.whl", hash = "sha256:4a19d9dba1a76618dd86b164d608566f393f8ec6ac7c44f0cc879011c45e65af"},
    {file = "numpy-2.4.4-cp313-cp313-macosx_14_0_x86_64.whl", hash = "sha256:d2a8490669bfe99a233298348acc2d824d496dee0e66e31b66a6022c2ad74a5c"},
    {file = "numpy-2.4.4-cp313-cp313-manylinux_2_27_aarch64.manylinux_2_28_aarch64.whl", hash = "sha256:45dbed2ab436a9e826e302fcdcbe9133f9b0006e5af7168afb8963a6520da103"},
    {file = "numpy-2.4.4-cp313-cp313-manylinux_2_27_x86_64.manylinux_2_28_x86_64.whl", hash = "sha256:c901b15172510173f5cb310eae652908340f8dede90fff9e3bf6c0d8dfd92f83"},
    {file = "numpy-2.4.4-cp313-cp313-musllinux_1_2_aarch64.whl", hash = "sha256:99d838547ace2c4aace6c4f76e879ddfe02bb58a80c1549928477862b7a6d6ed"},
    {file = "numpy-2.4.4-cp313-cp313-musllinux_1_2_x86_64.whl", hash = "sha256:0aec54fd785890ecca25a6003fd9a5aed47ad607bbac5cd64f836ad8666f4959"},
    {file = "numpy-2.4.4-cp313-cp313-win32.whl", hash = "sha256:07077278157d02f65c43b1b26a3886bce886f95d20aabd11f87932750dfb14ed"},
    {file = "numpy-2.4.4-cp313-cp313-win_amd64.whl", hash = "sha256:5c70f1cc1c4efbe316a572e2d8b9b9cc44e89b95f79ca3331553fbb63716e2bf"},
    {file = "numpy-2.4.4-cp313-cp313-win_arm64.whl", hash = "sha256:ef4059d6e5152fa1a39f888e344c73fdc926e1b2dd58c771d67b0acfbf2aa67d"},
    {file = "numpy-2.4.4-cp313-cp313t-macosx_11_0_arm64.whl", hash = "sha256:4bbc7f303d125971f60ec0aaad5e12c62d0d2c925f0ab1273debd0e4ba37aba5"},
    {file = "numpy-2.4.4-cp313-cp313t-macosx_14_0_arm64.whl", hash = "sha256:4d6d57903571f86180eb98f8f0c839fa9ebbfb031356d87f1361be91e433f5b7"},
    {file = "numpy-2.4.4-cp313-cp313t-macosx_14_0_x86_64.whl", hash = "sha256:4636de7fd195197b7535f231b5de9e4b36d2c440b6e566d2e4e4746e6af0ca93"},
    {file = "numpy-2.4.4-cp313-cp313t-manylinux_2_27_aarch64.manylinux_2_28_aarch64.whl", hash = "sha256:ad2e2ef14e0b04e544ea2fa0a36463f847f113d314aa02e5b402fdf910ef309e"},
    {file = "numpy-2.4.4-cp313-cp313t-manylinux_2_27_x86_64.manylinux_2_28_x86_64.whl", hash = "sha256:5a285b3b96f951841799528cd1f4f01cd70e7e0204b4abebac9463eecfcf2a40"},
    {file = "numpy-2.4.4-cp313-cp313t-musllinux_1_2_aarch64.whl", hash = "sha256:f8474c4241bc18b750be2abea9d7a9ec84f46ef861dbacf86a4f6e043401f79e"},
    {file = "numpy-2.4.4-cp313-cp313t-musllinux_1_2_x86_64.whl", hash = "sha256:4e874c976154687c1f71715b034739b45c7711bec81db01914770373d125e392"},
    {file = "numpy-2.4.4-cp313-cp313t-win32.whl", hash = "sha256:9c585a1790d5436a5374bac930dad6ed244c046ed91b2b2a3634eb2971d21008"},
    {file = "numpy-2.4.4-cp313-cp313t-win_amd64.whl", hash = "sha256:93e15038125dc1e5345d9b5b68aa7f996ec33b98118d18c6ca0d0b7d6198b7e8"},
    {file = "numpy-2.4.4-cp313-cp313t-win_arm64.whl", hash = "sha256:0dfd3f9d3adbe2920b68b5cd3d51444e13a10792ec7154cd0a2f6e74d4ab3233"},
    {file = "numpy-2.4.4-cp314-cp314-macosx_10_15_x86_64.whl", hash = "sha256:f169b9a863d34f5d11b8698ead99febeaa17a13ca044961aa8e2662a6c7766a0"},
    {file = "numpy-2.4.4-cp314-cp314-macosx_11_0_arm64.whl", hash = "sha256:2483e4584a1cb3092da4470b38866634bafb223cbcd551ee047633fd2584599a"},
    {file = "numpy-2.4.4-cp314-cp314-macosx_14_0_arm64.whl", hash = "sha256:2d19e6e2095506d1736b7d80595e0f252d76b89f5e715c35e06e937679ea7d7a"},
    {file = "numpy-2.4.4-cp314-cp314-macosx_14_0_x86_64.whl", hash = "sha256:6a246d5914aa1c820c9443ddcee9c02bec3e203b0c080349533fae17727dfd1b"},
    {file = "numpy-2.4.4-cp314-cp314-manylinux_2_27_aarch64.manylinux_2_28_aarch64.whl", hash = "sha256:989824e9faf85f96ec9c7761cd8d29c531ad857bfa1daa930cba85baaecf1a9a"},
    {file = "numpy-2.4.4-cp314-cp314-manylinux_2_27_x86_64.manylinux_2_28_x86_64.whl", hash = "sha256:27a8d92cd10f1382a67d7cf4db7ce18341b66438bdd9f691d7b0e48d104c2a9d"},
    {file = "numpy-2.4.4-cp314-cp314-musllinux_1_2_aarch64.whl", hash = "sha256:e44319a2953c738205bf3354537979eaa3998ed673395b964c1176083dd46252"},
    {file = "numpy-2.4.4-cp314-cp314-musllinux_1_2_x86_64.whl", hash = "sha256:e892aff75639bbef0d2a2cfd55535510df26ff92f63c92cd84ef8d4ba5a5557f"},
    {file = "numpy-2.4.4-cp314-cp314-win32.whl", hash = "sha256:1378871da56ca8943c2ba674530924bb8ca40cd228358a3b5f302ad60cf875fc"},
    {file = "numpy-2.4.4-cp314-cp314-win_amd64.whl", hash = "sha256:715d1c092715954784bc79e1174fc2a90093dc4dc84ea15eb14dad8abdcdeb74"},
    {file = "numpy-2.4.4-cp314-cp314-win_arm64.whl", hash = "sha256:2c194dd721e54ecad9ad387c1d35e63dce5c4450c6dc7dd5611283dda239aabb"},
    {file = "numpy-2.4.4-cp314-cp314t-macosx_11_0_arm64.whl", hash = "sha256:2aa0613a5177c264ff5921051a5719d20095ea586ca88cc802c5c218d1c67d3e"},
    {file = "numpy-2.4.4-cp314-cp314t-macosx_14_0_arm64.whl", hash = "sha256:42c16925aa5a02362f986765f9ebabf20de75cdefdca827d14315c568dcab113"},
    {file = "numpy-2.4.4-cp314-cp314t-macosx_14_0_x86_64.whl", hash = "sha256:874f200b2a981c647340f841730fc3a2b54c9d940566a3c4149099591e2c4c3d"},
    {file = "numpy-2.4.4-cp314-cp314t-manylinux_2_27_aarch64.manylinux_2_28_aarch64.whl", hash = "sha256:c9b39d38a9bd2ae1becd7eac1303d031c5c110ad31f2b319c6e7d98b135c934d"},
    {file = "numpy-2.4.4-cp314-cp314t-manylinux_2_27_x86_64.manylinux_2_28_x86_64.whl", hash = "sha256:b268594bccac7d7cf5844c7732e3f20c50921d94e36d7ec9b79e9857694b1b2f"},
    {file = "numpy-2.4.4-cp314-cp314t-musllinux_1_2_aarch64.whl", hash = "sha256:ac6b31e35612a26483e20750126d30d0941f949426974cace8e6b5c58a3657b0"},
    {file = "numpy-2.4.4-cp314-cp314t-musllinux_1_2_x86_64.whl", hash = "sha256:8e3ed142f2728df44263aaf5fb1f5b0b99f4070c553a0d7f033be65338329150"},
    {file = "numpy-2.4.4-cp314-cp314t-win32.whl", hash = "sha256:dddbbd259598d7240b18c9d87c56a9d2fb3b02fe266f49a7c101532e78c1d871"},
    {file = "numpy-2.4.4-cp314-cp314t-win_amd64.whl", hash = "sha256:a7164afb23be6e37ad90b2f10426149fd75aee07ca55653d2aa41e66c4ef697e"},
    {file = "numpy-2.4.4-cp314-cp314t-win_arm64.whl", hash = "sha256:ba203255017337d39f89bdd58417f03c4426f12beed0440cfd933cb15f8669c7"},
    {file = "numpy-2.4.4-pp311-pypy311_pp73-macosx_10_15_x86_64.whl", hash = "sha256:58c8b5929fcb8287cbd6f0a3fae19c6e03a5c48402ae792962ac465224a629a4"},
    {file = "numpy-2.4.4-pp311-pypy311_pp73-macosx_11_0_arm64.whl", hash = "sha256:eea7ac5d2dce4189771cedb559c738a71512768210dc4e4753b107a2048b3d0e"},
    {file = "numpy-2.4.4-pp311-pypy311_pp73-macosx_14_0_arm64.whl", hash = "sha256:51fc224f7ca4d92656d5a5eb315f12eb5fe2c97a66249aa7b5f562528a3be38c"},
    {file = "numpy-2.4.4-pp311-pypy311_pp73-macosx_14_0_x86_64.whl", hash = "sha256:28a650663f7314afc3e6ec620f44f333c386aad9f6fc472030865dc0ebb26ee3"},
    {file = "numpy-2.4.4-pp311-pypy311_pp73-manylinux_2_27_aarch64.manylinux_2_28_aarch64.whl", hash = "sha256:19710a9ca9992d7174e9c52f643d4272dcd1558c5f7af7f6f8190f633bd651a7"},
    {file = "numpy-2.4.4-pp311-pypy311_pp73-manylinux_2_27_x86_64.manylinux_2_28_x86_64.whl", hash = "sha256:9b2aec6af35c113b05695ebb5749a787acd63cafc83086a05771d1e1cd1e555f"},
    {file = "numpy-2.4.4-pp311-pypy311_pp73-win_amd64.whl", hash = "sha256:f2cf083b324a467e1ab358c105f6cad5ea950f50524668a80c486ff1db24e119"},
    {file = "numpy-2.4.4.tar.gz", hash = "sha256:2d390634c5182175533585cc89f3608a4682ccb173cc9bb940b2881c8d6f8fa0"},
]

[[package]]
name = "pandas"
version = "3.0.2"
description = "Powerful data structures for data analysis, time series, and statistics"
optional = false
python-versions = ">=3.11"
groups = ["main"]
files = [
    {file = "pandas-3.0.2-cp311-cp311-macosx_10_9_x86_64.whl", hash = "sha256:a727a73cbdba2f7458dc82449e2315899d5140b449015d822f515749a46cbbe0"},
    {file = "pandas-3.0.2-cp311-cp311-macosx_11_0_arm64.whl", hash = "sha256:dbbd4aa20ca51e63b53bbde6a0fa4254b1aaabb74d2f542df7a7959feb1d760c"},
    {file = "pandas-3.0.2-cp311-cp311-manylinux_2_24_aarch64.manylinux_2_28_aarch64.whl", hash = "sha256:339dda302bd8369dedeae979cb750e484d549b563c3f54f3922cb8ff4978c5eb"},
    {file = "pandas-3.0.2-cp311-cp311-manylinux_2_24_x86_64.manylinux_2_28_x86_64.whl", hash = "sha256:61c2fd96d72b983a9891b2598f286befd4ad262161a609c92dc1652544b46b76"},
    {file = "pandas-3.0.2-cp311-cp311-musllinux_1_2_aarch64.whl", hash = "sha256:c934008c733b8bbea273ea308b73b3156f0181e5b72960790b09c18a2794fe1e"},
    {file = "pandas-3.0.2-cp311-cp311-musllinux_1_2_x86_64.whl", hash = "sha256:60a80bb4feacbef5e1447a3f82c33209c8b7e07f28d805cfd1fb951e5cb443aa"},
    {file = "pandas-3.0.2-cp311-cp311-win_amd64.whl", hash = "sha256:ed72cb3f45190874eb579c64fa92d9df74e98fd63e2be7f62bce5ace0ade61df"},
    {file = "pandas-3.0.2-cp311-cp311-win_arm64.whl", hash = "sha256:f12b1a9e332c01e09510586f8ca9b108fd631fd656af82e452d7315ef6df5f9f"},
    {file = "pandas-3.0.2-cp312-cp312-macosx_10_13_x86_64.whl", hash = "sha256:232a70ebb568c0c4d2db4584f338c1577d81e3af63292208d615907b698a0f18"},
    {file = "pandas-3.0.2-cp312-cp312-macosx_11_0_arm64.whl", hash = "sha256:970762605cff1ca0d3f71ed4f3a769ea8f85fc8e6348f6e110b8fea7e6eb5a14"},
    {file = "pandas-3.0.2-cp312-cp312-manylinux_2_24_aarch64.manylinux_2_28_aarch64.whl", hash = "sha256:aff4e6f4d722e0652707d7bcb190c445fe58428500c6d16005b02401764b1b3d"},
    {file = "pandas-3.0.2-cp312-cp312-manylinux_2_24_x86_64.manylinux_2_28_x86_64.whl", hash = "sha256:ef8b27695c3d3dc78403c9a7d5e59a62d5464a7e1123b4e0042763f7104dc74f"},
    {file = "pandas-3.0.2-cp312-cp312-musllinux_1_2_aarch64.whl", hash = "sha256:f8d68083e49e16b84734eb1a4dcae4259a75c90fb6e2251ab9a00b61120c06ab"},
    {file = "pandas-3.0.2-cp312-cp312-musllinux_1_2_x86_64.whl", hash = "sha256:32cc41f310ebd4a296d93515fcac312216adfedb1894e879303987b8f1e2b97d"},
    {file = "pandas-3.0.2-cp312-cp312-win_amd64.whl", hash = "sha256:a4785e1d6547d8427c5208b748ae2efb64659a21bd82bf440d4262d02bfa02a4"},
    {file = "pandas-3.0.2-cp312-cp312-win_arm64.whl", hash = "sha256:08504503f7101300107ecdc8df73658e4347586db5cfdadabc1592e9d7e7a0fd"},
    {file = "pandas-3.0.2-cp313-cp313-macosx_10_13_x86_64.whl", hash = "sha256:b5918ba197c951dec132b0c5929a00c0bf05d5942f590d3c10a807f6e15a57d3"},
    {file = "pandas-3.0.2-cp313-cp313-macosx_11_0_arm64.whl", hash = "sha256:d606a041c89c0a474a4702d532ab7e73a14fe35c8d427b972a625c8e46373668"},
    {file = "pandas-3.0.2-cp313-cp313-manylinux_2_24_aarch64.manylinux_2_28_aarch64.whl", hash = "sha256:710246ba0616e86891b58ab95f2495143bb2bc83ab6b06747c74216f583a6ac9"},
    {file = "pandas-3.0.2-cp313-cp313-manylinux_2_24_x86_64.manylinux_2_28_x86_64.whl", hash = "sha256:5d3cfe227c725b1f3dff4278b43d8c784656a42a9325b63af6b1492a8232209e"},
    {file = "pandas-3.0.2-cp313-cp313-musllinux_1_2_aarch64.whl", hash = "sha256:c3b723df9087a9a9a840e263ebd9f88b64a12075d1bf2ea401a5a42f254f084d"},
    {file = "pandas-3.0.2-cp313-cp313-musllinux_1_2_x86_64.whl", hash = "sha256:a3096110bf9eac0070b7208465f2740e2d8a670d5cb6530b5bb884eca495fd39"},
    {file = "pandas-3.0.2-cp313-cp313-win_amd64.whl", hash = "sha256:07a10f5c36512eead51bc578eb3354ad17578b22c013d89a796ab5eee90cd991"},
    {file = "pandas-3.0.2-cp313-cp313-win_arm64.whl", hash = "sha256:5fdbfa05931071aba28b408e59226186b01eb5e92bea2ab78b65863ca3228d84"},
    {file = "pandas-3.0.2-cp313-cp313t-macosx_10_13_x86_64.whl", hash = "sha256:dbc20dea3b9e27d0e66d74c42b2d0c1bed9c2ffe92adea33633e3bedeb5ac235"},
    {file = "pandas-3.0.2-cp313-cp313t-macosx_11_0_arm64.whl", hash = "sha256:b75c347eff42497452116ce05ef461822d97ce5b9ff8df6edacb8076092c855d"},
    {file = "pandas-3.0.2-cp313-cp313t-manylinux_2_24_aarch64.manylinux_2_28_aarch64.whl", hash = "sha256:d1478075142e83a5571782ad007fb201ed074bdeac7ebcc8890c71442e96adf7"},
    {file = "pandas-3.0.2-cp313-cp313t-manylinux_2_24_x86_64.manylinux_2_28_x86_64.whl", hash = "sha256:5880314e69e763d4c8b27937090de570f1fb8d027059a7ada3f7f8e98bdcb677"},
    {file = "pandas-3.0.2-cp313-cp313t-musllinux_1_2_aarch64.whl", hash = "sha256:b5329e26898896f06035241a626d7c335daa479b9bbc82be7c2742d048e41172"},
    {file = "pandas-3.0.2-cp313-cp313t-musllinux_1_2_x86_64.whl", hash = "sha256:81526c4afd31971f8b62671442a4b2b51e0aa9acc3819c9f0f12a28b6fcf85f1"},
    {file = "pandas-3.0.2-cp313-cp313t-win_amd64.whl", hash = "sha256:7cadd7e9a44ec13b621aec60f9150e744cfc7a3dd32924a7e2f45edff31823b0"},
    {file = "pandas-3.0.2-cp314-cp314-macosx_10_15_x86_64.whl", hash = "sha256:db0dbfd2a6cdf3770aa60464d50333d8f3d9165b2f2671bcc299b72de5a6677b"},
    {file = "pandas-3.0.2-cp314-cp314-macosx_11_0_arm64.whl", hash = "sha256:0555c5882688a39317179ab4a0ed41d3ebc8812ab14c69364bbee8fb7a3f6288"},
    {file = "pandas-3.0.2-cp314-cp314-manylinux_2_24_aarch64.manylinux_2_28_aarch64.whl", hash = "sha256:01f31a546acd5574ef77fe199bc90b55527c225c20ccda6601cf6b0fd5ed597c"},
    {file = "pandas-3.0.2-cp314-cp314-manylinux_2_24_x86_64.manylinux_2_28_x86_64.whl", hash = "sha256:deeca1b5a931fdf0c2212c8a659ade6d3b1edc21f0914ce71ef24456ca7a6535"},
    {file = "pandas-3.0.2-cp314-cp314-musllinux_1_2_aarch64.whl", hash = "sha256:0f48afd9bb13300ffb5a3316973324c787054ba6665cda0da3fbd67f451995db"},
    {file = "pandas-3.0.2-cp314-cp314-musllinux_1_2_x86_64.whl", hash = "sha256:6c4d8458b97a35717b62469a4ea0e85abd5ed8687277f5ccfc67f8a5126f8c53"},
    {file = "pandas-3.0.2-cp314-cp314-win_amd64.whl", hash = "sha256:b35d14bb5d8285d9494fe93815a9e9307c0876e10f1e8e89ac5b88f728ec8dcf"},
    {file = "pandas-3.0.2-cp314-cp314-win_arm64.whl", hash = "sha256:63d141b56ef686f7f0d714cfb8de4e320475b86bf4b620aa0b7da89af8cbdbbb"},
    {file = "pandas-3.0.2-cp314-cp314t-macosx_10_15_x86_64.whl", hash = "sha256:140f0cffb1fa2524e874dde5b477d9defe10780d8e9e220d259b2c0874c89d9d"},
    {file = "pandas-3.0.2-cp314-cp314t-macosx_11_0_arm64.whl", hash = "sha256:ae37e833ff4fed0ba352f6bdd8b73ba3ab3256a85e54edfd1ab51ae40cca0af8"},
    {file = "pandas-3.0.2-cp314-cp314t-manylinux_2_24_aarch64.manylinux_2_28_aarch64.whl", hash = "sha256:4d888a5c678a419a5bb41a2a93818e8ed9fd3172246555c0b37b7cc27027effd"},
    {file = "pandas-3.0.2-cp314-cp314t-manylinux_2_24_x86_64.manylinux_2_28_x86_64.whl", hash = "sha256:b444dc64c079e84df91baa8bf613d58405645461cabca929d9178f2cd392398d"},
    {file = "pandas-3.0.2-cp314-cp314t-musllinux_1_2_aarch64.whl", hash = "sha256:4544c7a54920de8eeacaa1466a6b7268ecfbc9bc64ab4dbb89c6bbe94d5e0660"},
    {file = "pandas-3.0.2-cp314-cp314t-musllinux_1_2_x86_64.whl", hash = "sha256:734be7551687c00fbd760dc0522ed974f82ad230d4a10f54bf51b80d44a08702"},
    {file = "pandas-3.0.2-cp314-cp314t-win_amd64.whl", hash = "sha256:57a07209bebcbcf768d2d13c9b78b852f9a15978dac41b9e6421a81ad4cdd276"},
    {file = "pandas-3.0.2-cp314-cp314t-win_arm64.whl", hash = "sha256:5371b72c2d4d415d08765f32d689217a43227484e81b2305b52076e328f6f482"},
    {file = "pandas-3.0.2.tar.gz", hash = "sha256:f4753e73e34c8d83221ba58f232433fca2748be8b18dbca02d242ed153945043"},
]

[package.dependencies]
numpy = {version = ">=1.26.0", markers = "python_version < \"3.14\""}
python-dateutil = ">=2.8.2"
tzdata = {version = "*", markers = "sys_platform == \"win32\" or sys_platform == \"emscripten\""}

[package.extras]
all = ["PyQt5 (>=5.15.9)", "SQLAlchemy (>=2.0.36)", "adbc-driver-postgresql (>=1.2.0)", "adbc-driver-sqlite (>=1.2.0)", "beautifulsoup4 (>=4.12.3)", "bottleneck (>=1.4.2)", "fastparquet (>=2024.11.0)", "fsspec (>=2024.10.0)", "gcsfs (>=2024.10.0)", "html5lib (>=1.1)", "hypothesis (>=6.116.0)", "jinja2 (>=3.1.5)", "lxml (>=5.3.0)", "matplotlib (>=3.9.3)", "numba (>=0.60.0)", "numexpr (>=2.10.2)", "odfpy (>=1.4.1)", "openpyxl (>=3.1.5)", "psycopg2 (>=2.9.10)", "pyarrow (>=13.0.0)", "pyiceberg (>=0.8.1)", "pymysql (>=1.1.1)", "pyreadstat (>=1.2.8)", "pytest (>=8.3.4)", "pytest-xdist (>=3.6.1)", "python-calamine (>=0.3.0)", "pytz (>=2024.2)", "pyxlsb (>=1.0.10)", "qtpy (>=2.4.2)", "s3fs (>=2024.10.0)", "scipy (>=1.14.1)", "tables (>=3.10.1)", "tabulate (>=0.9.0)", "xarray (>=2024.10.0)", "xlrd (>=2.0.1)", "xlsxwriter (>=3.2.0)", "zstandard (>=0.23.0)"]
aws = ["s3fs (>=2024.10.0)"]
clipboard = ["PyQt5 (>=5.15.9)", "qtpy (>=2.4.2)"]
compression = ["zstandard (>=0.23.0)"]
computation = ["scipy (>=1.14.1)", "xarray (>=2024.10.0)"]
excel = ["odfpy (>=1.4.1)", "openpyxl (>=3.1.5)", "python-calamine (>=0.3.0)", "pyxlsb (>=1.0.10)", "xlrd (>=2.0.1)", "xlsxwriter (>=3.2.0)"]
feather = ["pyarrow (>=13.0.0)"]
fss = ["fsspec (>=2024.10.0)"]
gcp = ["gcsfs (>=2024.10.0)"]
hdf5 = ["tables (>=3.10.1)"]
html = ["beautifulsoup4 (>=4.12.3)", "html5lib (>=1.1)", "lxml (>=5.3.0)"]
iceberg = ["pyiceberg (>=0.8.1)"]
mysql = ["SQLAlchemy (>=2.0.36)", "pymysql (>=1.1.1)"]
output-formatting = ["jinja2 (>=3.1.5)", "tabulate (>=0.9.0)"]
parquet = ["pyarrow (>=13.0.0)"]
performance = ["bottleneck (>=1.4.2)", "numba (>=0.60.0)", "numexpr (>=2.10.2)"]
plot = ["matplotlib (>=3.9.3)"]
postgresql = ["SQLAlchemy (>=2.0.36)", "adbc-driver-postgresql (>=1.2.0)", "psycopg2 (>=2.9.10)"]
pyarrow = ["pyarrow (>=13.0.0)"]
spss = ["pyreadstat (>=1.2.8)"]
sql-other = ["SQLAlchemy (>=2.0.36)", "adbc-driver-postgresql (>=1.2.0)", "adbc-driver-sqlite (>=1.2.0)"]
test = ["hypothesis (>=6.116.0)", "pytest (>=8.3.4)", "pytest-xdist (>=3.6.1)"]
timezone = ["pytz (>=2024.2)"]
xml = ["lxml (>=5.3.0)"]

[[package]]
name = "pydantic"
version = "2.13.3"
description = "Data validation using Python type hints"
optional = false
python-versions = ">=3.9"
groups = ["main"]
files = [
    {file = "pydantic-2.13.3-py3-none-any.whl", hash = "sha256:6db14ac8dfc9a1e57f87ea2c0de670c251240f43cb0c30a5130e9720dc612927"},
    {file = "pydantic-2.13.3.tar.gz", hash = "sha256:af09e9d1d09f4e7fe37145c1f577e1d61ceb9a41924bf0094a36506285d0a84d"},
]

[package.dependencies]
annotated-types = ">=0.6.0"
pydantic-core = "2.46.3"
typing-extensions = ">=4.14.1"
typing-inspection = ">=0.4.2"

[package.extras]
email = ["email-validator (>=2.0.0)"]
timezone = ["tzdata ; python_version >= \"3.9\" and platform_system == \"Windows\""]

[[package]]
name = "pydantic-core"
version = "2.46.3"
description = "Core functionality for Pydantic validation and serialization"
optional = false
python-versions = ">=3.9"
groups = ["main"]
files = [
    {file = "pydantic_core-2.46.3-cp310-cp310-macosx_10_12_x86_64.whl", hash = "sha256:1da3786b8018e60349680720158cc19161cc3b4bdd815beb0a321cd5ce1ad5b1"},
    {file = "pydantic_core-2.46.3-cp310-cp310-macosx_11_0_arm64.whl", hash = "sha256:cc0988cb29d21bf4a9d5cf2ef970b5c0e38d8d8e107a493278c05dc6c1dda69f"},
    {file = "pydantic_core-2.46.3-cp310-cp310-manylinux_2_17_aarch64.manylinux2014_aarch64.whl", hash = "sha256:27f9067c3bfadd04c55484b89c0d267981b2f3512850f6f66e1e74204a4e4ce3"},
    {file = "pydantic_core-2.46.3-cp310-cp310-manylinux_2_17_armv7l.manylinux2014_armv7l.whl", hash = "sha256:a642ac886ecf6402d9882d10c405dcf4b902abeb2972cd5fb4a48c83cd59279a"},
    {file = "pydantic_core-2.46.3-cp310-cp310-manylinux_2_17_ppc64le.manylinux2014_ppc64le.whl", hash = "sha256:79f561438481f28681584b89e2effb22855e2179880314bcddbf5968e935e807"},
    {file = "pydantic_core-2.46.3-cp310-cp310-manylinux_2_17_s390x.manylinux2014_s390x.whl", hash = "sha256:57a973eae4665352a47cf1a99b4ee864620f2fe663a217d7a8da68a1f3a5bfda"},
    {file = "pydantic_core-2.46.3-cp310-cp310-manylinux_2_17_x86_64.manylinux2014_x86_64.whl", hash = "sha256:83d002b97072a53ea150d63e0a3adfae5670cef5aa8a6e490240e482d3b22e57"},
    {file = "pydantic_core-2.46.3-cp310-cp310-manylinux_2_31_riscv64.whl", hash = "sha256:b40ddd51e7c44b28cfaef746c9d3c506d658885e0a46f9eeef2ee815cbf8e045"},
    {file = "pydantic_core-2.46.3-cp310-cp310-manylinux_2_5_i686.manylinux1_i686.whl", hash = "sha256:ac5ec7fb9b87f04ee839af2d53bcadea57ded7d229719f56c0ed895bff987943"},
    {file = "pydantic_core-2.46.3-cp310-cp310-musllinux_1_1_aarch64.whl", hash = "sha256:a3b11c812f61b3129c4905781a2601dfdfdea5fe1e6c1cfb696b55d14e9c054f"},
    {file = "pydantic_core-2.46.3-cp310-cp310-musllinux_1_1_armv7l.whl", hash = "sha256:1108da631e602e5b3c38d6d04fe5bb3bfa54349e6918e3ca6cf570b2e2b2f9d4"},
    {file = "pydantic_core-2.46.3-cp310-cp310-musllinux_1_1_x86_64.whl", hash = "sha256:de885175515bcfa98ae618c1df7a072f13d179f81376c8007112af20567fd08a"},
    {file = "pydantic_core-2.46.3-cp310-cp310-win32.whl", hash = "sha256:d11058e3201527d41bc6b545c79187c9e4bf85e15a236a6007f0e991518882b7"},
    {file = "pydantic_core-2.46.3-cp310-cp310-win_amd64.whl", hash = "sha256:3612edf65c8ea67ac13616c4d23af12faef1ae435a8a93e5934c2a0cbbdd1fd6"},
    {file = "pydantic_core-2.46.3-cp311-cp311-macosx_10_12_x86_64.whl", hash = "sha256:ab124d49d0459b2373ecf54118a45c28a1e6d4192a533fbc915e70f556feb8e5"},
    {file = "pydantic_core-2.46.3-cp311-cp311-macosx_11_0_arm64.whl", hash = "sha256:cca67d52a5c7a16aed2b3999e719c4bcf644074eac304a5d3d62dd70ae7d4b2c"},
    {file = "pydantic_core-2.46.3-cp311-cp311-manylinux_2_17_aarch64.manylinux2014_aarch64.whl", hash = "sha256:5c024e08c0ba23e6fd68c771a521e9d6a792f2ebb0fa734296b36394dc30390e"},
    {file = "pydantic_core-2.46.3-cp311-cp311-manylinux_2_17_armv7l.manylinux2014_armv7l.whl", hash = "sha256:6645ce7eec4928e29a1e3b3d5c946621d105d3e79f0c9cddf07c2a9770949287"},
    {file = "pydantic_core-2.46.3-cp311-cp311-manylinux_2_17_ppc64le.manylinux2014_ppc64le.whl", hash = "sha256:a712c7118e6c5ea96562f7b488435172abb94a3c53c22c9efc1412264a45cbbe"},
    {file = "pydantic_core-2.46.3-cp311-cp311-manylinux_2_17_s390x.manylinux2014_s390x.whl", hash = "sha256:69a868ef3ff206343579021c40faf3b1edc64b1cc508ff243a28b0a514ccb050"},
    {file = "pydantic_core-2.46.3-cp311-cp311-manylinux_2_17_x86_64.manylinux2014_x86_64.whl", hash = "sha256:cc7e8c32db809aa0f6ea1d6869ebc8518a65d5150fdfad8bcae6a49ae32a22e2"},
    {file = "pydantic_core-2.46.3-cp311-cp311-manylinux_2_31_riscv64.whl", hash = "sha256:3481bd1341dc85779ee506bc8e1196a277ace359d89d28588a9468c3ecbe63fa"},
    {file = "pydantic_core-2.46.3-cp311-cp311-manylinux_2_5_i686.manylinux1_i686.whl", hash = "sha256:8690eba565c6d68ffd3a8655525cbdd5246510b44a637ee2c6c03a7ebfe64d3c"},
    {file = "pydantic_core-2.46.3-cp311-cp311-musllinux_1_1_aarch64.whl", hash = "sha256:4de88889d7e88d50d40ee5b39d5dac0bcaef9ba91f7e536ac064e6b2834ecccf"},
    {file = "pydantic_core-2.46.3-cp311-cp311-musllinux_1_1_armv7l.whl", hash = "sha256:e480080975c1ef7f780b8f99ed72337e7cc5efea2e518a20a692e8e7b278eb8b"},
    {file = "pydantic_core-2.46.3-cp311-cp311-musllinux_1_1_x86_64.whl", hash = "sha256:de3a5c376f8cd94da9a1b8fd3dd1c16c7a7b216ed31dc8ce9fd7a22bf13b836e"},
    {file = "pydantic_core-2.46.3-cp311-cp311-win32.whl", hash = "sha256:fc331a5314ffddd5385b9ee9d0d2fee0b13c27e0e02dad71b1ae5d6561f51eeb"},
    {file = "pydantic_core-2.46.3-cp311-cp311-win_amd64.whl", hash = "sha256:b5b9c6cf08a8a5e502698f5e153056d12c34b8fb30317e0c5fd06f45162a6346"},
    {file = "pydantic_core-2.46.3-cp311-cp311-win_arm64.whl", hash = "sha256:5dfd51cf457482f04ec49491811a2b8fd5b843b64b11eecd2d7a1ee596ea78a6"},
    {file = "pydantic_core-2.46.3-cp312-cp312-macosx_10_12_x86_64.whl", hash = "sha256:b11b59b3eee90a80a36701ddb4576d9ae31f93f05cb9e277ceaa09e6bf074a67"},
    {file = "pydantic_core-2.46.3-cp312-cp312-macosx_11_0_arm64.whl", hash = "sha256:af8653713055ea18a3abc1537fe2ebc42f5b0bbb768d1eb79fd74eb47c0ac089"},
    {file = "pydantic_core-2.46.3-cp312-cp312-manylinux_2_17_aarch64.manylinux2014_aarch64.whl", hash = "sha256:75a519dab6d63c514f3a81053e5266c549679e4aa88f6ec57f2b7b854aceb1b0"},
    {file = "pydantic_core-2.46.3-cp312-cp312-manylinux_2_17_armv7l.manylinux2014_armv7l.whl", hash = "sha256:a6cd87cb1575b1ad05ba98894c5b5c96411ef678fa2f6ed2576607095b8d9789"},
    {file = "pydantic_core-2.46.3-cp312-cp312-manylinux_2_17_ppc64le.manylinux2014_ppc64le.whl", hash = "sha256:f80a55484b8d843c8ada81ebf70a682f3f00a3d40e378c06cf17ecb44d280d7d"},
    {file = "pydantic_core-2.46.3-cp312-cp312-manylinux_2_17_s390x.manylinux2014_s390x.whl", hash = "sha256:3861f1731b90c50a3266316b9044f5c9b405eecb8e299b0a7120596334e4fe9c"},
    {file = "pydantic_core-2.46.3-cp312-cp312-manylinux_2_17_x86_64.manylinux2014_x86_64.whl", hash = "sha256:fb528e295ed31570ac3dcc9bfdd6e0150bc11ce6168ac87a8082055cf1a67395"},
    {file = "pydantic_core-2.46.3-cp312-cp312-manylinux_2_31_riscv64.whl", hash = "sha256:367508faa4973b992b271ba1494acaab36eb7e8739d1e47be5035fb1ea225396"},
    {file = "pydantic_core-2.46.3-cp312-cp312-manylinux_2_5_i686.manylinux1_i686.whl", hash = "sha256:5ad3c826fe523e4becf4fe39baa44286cff85ef137c729a2c5e269afbfd0905d"},
    {file = "pydantic_core-2.46.3-cp312-cp312-musllinux_1_1_aarch64.whl", hash = "sha256:ec638c5d194ef8af27db69f16c954a09797c0dc25015ad6123eb2c73a4d271ca"},
    {file = "pydantic_core-2.46.3-cp312-cp312-musllinux_1_1_armv7l.whl", hash = "sha256:28ed528c45446062ee66edb1d33df5d88828ae167de76e773a3c7f64bd14e976"},
    {file = "pydantic_core-2.46.3-cp312-cp312-musllinux_1_1_x86_64.whl", hash = "sha256:aed19d0c783886d5bd86d80ae5030006b45e28464218747dcf83dabfdd092c7b"},
    {file = "pydantic_core-2.46.3-cp312-cp312-win32.whl", hash = "sha256:06d5d8820cbbdb4147578c1fe7ffcd5b83f34508cb9f9ab76e807be7db6ff0a4"},
    {file = "pydantic_core-2.46.3-cp312-cp312-win_amd64.whl", hash = "sha256:c3212fda0ee959c1dd04c60b601ec31097aaa893573a3a1abd0a47bcac2968c1"},
    {file = "pydantic_core-2.46.3-cp312-cp312-win_arm64.whl", hash = "sha256:f1f8338dd7a7f31761f1f1a3c47503a9a3b34eea3c8b01fa6ee96408affb5e72"},
    {file = "pydantic_core-2.46.3-cp313-cp313-macosx_10_12_x86_64.whl", hash = "sha256:12bc98de041458b80c86c56b24df1d23832f3e166cbaff011f25d187f5c62c37"},
    {file = "pydantic_core-2.46.3-cp313-cp313-macosx_11_0_arm64.whl", hash = "sha256:85348b8f89d2c3508b65b16c3c33a4da22b8215138d8b996912bb1532868885f"},
    {file = "pydantic_core-2.46.3-cp313-cp313-manylinux_2_17_aarch64.manylinux2014_aarch64.whl", hash = "sha256:1105677a6df914b1fb71a81b96c8cce7726857e1717d86001f29be06a25ee6f8"},
    {file = "pydantic_core-2.46.3-cp313-cp313-manylinux_2_17_armv7l.manylinux2014_armv7l.whl", hash = "sha256:87082cd65669a33adeba5470769e9704c7cf026cc30afb9cc77fd865578ebaad"},
    {file = "pydantic_core-2.46.3-cp313-cp313-manylinux_2_17_ppc64le.manylinux2014_ppc64le.whl", hash = "sha256:60e5f66e12c4f5212d08522963380eaaeac5ebd795826cfd19b2dfb0c7a52b9c"},
    {file = "pydantic_core-2.46.3-cp313-cp313-manylinux_2_17_s390x.manylinux2014_s390x.whl", hash = "sha256:b6cdf19bf84128d5e7c37e8a73a0c5c10d51103a650ac585d42dd6ae233f2b7f"},
    {file = "pydantic_core-2.46.3-cp313-cp313-manylinux_2_17_x86_64.manylinux2014_x86_64.whl", hash = "sha256:031bb17f4885a43773c8c763089499f242aee2ea85cf17154168775dccdecf35"},
    {file = "pydantic_core-2.46.3-cp313-cp313-manylinux_2_31_riscv64.whl", hash = "sha256:bcf2a8b2982a6673693eae7348ef3d8cf3979c1d63b54fca7c397a635cc68687"},
    {file = "pydantic_core-2.46.3-cp313-cp313-manylinux_2_5_i686.manylinux1_i686.whl", hash = "sha256:28e8cf2f52d72ced402a137145923a762cbb5081e48b34312f7a0c8f55928ec3"},
    {file = "pydantic_core-2.46.3-cp313-cp313-musllinux_1_1_aarch64.whl", hash = "sha256:17eaface65d9fc5abb940003020309c1bf7a211f5f608d7870297c367e6f9022"},
    {file = "pydantic_core-2.46.3-cp313-cp313-musllinux_1_1_armv7l.whl", hash = "sha256:93fd339f23408a07e98950a89644f92c54d8729719a40b30c0a30bb9ebc55d23"},
    {file = "pydantic_core-2.46.3-cp313-cp313-musllinux_1_1_x86_64.whl", hash = "sha256:23cbdb3aaa74dfe0837975dbf69b469753bbde8eacace524519ffdb6b6e89eb7"},
    {file = "pydantic_core-2.46.3-cp313-cp313-win32.whl", hash = "sha256:610eda2e3838f401105e6326ca304f5da1e15393ae25dacae5c5c63f2c275b13"},
    {file = "pydantic_core-2.46.3-cp313-cp313-win_amd64.whl", hash = "sha256:68cc7866ed863db34351294187f9b729964c371ba33e31c26f478471c52e1ed0"},
    {file = "pydantic_core-2.46.3-cp313-cp313-win_arm64.whl", hash = "sha256:f64b5537ac62b231572879cd08ec05600308636a5d63bcbdb15063a466977bec"},
    {file = "pydantic_core-2.46.3-cp314-cp314-macosx_10_12_x86_64.whl", hash = "sha256:afa3aa644f74e290cdede48a7b0bee37d1c35e71b05105f6b340d484af536d9b"},
    {file = "pydantic_core-2.46.3-cp314-cp314-macosx_11_0_arm64.whl", hash = "sha256:ced3310e51aa425f7f77da8bbbb5212616655bedbe82c70944320bc1dbe5e018"},
    {file = "pydantic_core-2.46.3-cp314-cp314-manylinux_2_17_aarch64.manylinux2014_aarch64.whl", hash = "sha256:e29908922ce9da1a30b4da490bd1d3d82c01dcfdf864d2a74aacee674d0bfa34"},
    {file = "pydantic_core-2.46.3-cp314-cp314-manylinux_2_17_armv7l.manylinux2014_armv7l.whl", hash = "sha256:0c9ff69140423eea8ed2d5477df3ba037f671f5e897d206d921bc9fdc39613e7"},
    {file = "pydantic_core-2.46.3-cp314-cp314-manylinux_2_17_ppc64le.manylinux2014_ppc64le.whl", hash = "sha256:b675ab0a0d5b1c8fdb81195dc5bcefea3f3c240871cdd7ff9a2de8aa50772eb2"},
    {file = "pydantic_core-2.46.3-cp314-cp314-manylinux_2_17_s390x.manylinux2014_s390x.whl", hash = "sha256:0087084960f209a9a4af50ecd1fb063d9ad3658c07bb81a7a53f452dacbfb2ba"},
    {file = "pydantic_core-2.46.3-cp314-cp314-manylinux_2_17_x86_64.manylinux2014_x86_64.whl", hash = "sha256:ed42e6cc8e1b0e2b9b96e2276bad70ae625d10d6d524aed0c93de974ae029f9f"},
    {file = "pydantic_core-2.46.3-cp314-cp314-manylinux_2_31_riscv64.whl", hash = "sha256:f1771ce258afb3e4201e67d154edbbae712a76a6081079fe247c2f53c6322c22"},
    {file = "pydantic_core-2.46.3-cp314-cp314-manylinux_2_5_i686.manylinux1_i686.whl", hash = "sha256:a7610b6a5242a6c736d8ad47fd5fff87fcfe8f833b281b1c409c3d6835d9227f"},
    {file = "pydantic_core-2.46.3-cp314-cp314-musllinux_1_1_aarch64.whl", hash = "sha256:ff5e7783bcc5476e1db448bf268f11cb257b1c276d3e89f00b5727be86dd0127"},
    {file = "pydantic_core-2.46.3-cp314-cp314-musllinux_1_1_armv7l.whl", hash = "sha256:9d2e32edcc143bc01e95300671915d9ca052d4f745aa0a49c48d4803f8a85f2c"},
    {file = "pydantic_core-2.46.3-cp314-cp314-musllinux_1_1_x86_64.whl", hash = "sha256:6e42d83d1c6b87fa56b521479cff237e626a292f3b31b6345c15a99121b454c1"},
    {file = "pydantic_core-2.46.3-cp314-cp314-win32.whl", hash = "sha256:07bc6d2a28c3adb4f7c6ae46aa4f2d2929af127f587ed44057af50bf1ce0f505"},
    {file = "pydantic_core-2.46.3-cp314-cp314-win_amd64.whl", hash = "sha256:8940562319bc621da30714617e6a7eaa6b98c84e8c685bcdc02d7ed5e7c7c44e"},
    {file = "pydantic_core-2.46.3-cp314-cp314-win_arm64.whl", hash = "sha256:5dcbbcf4d22210ced8f837c96db941bdb078f419543472aca5d9a0bb7cddc7df"},
    {file = "pydantic_core-2.46.3-cp314-cp314t-macosx_10_12_x86_64.whl", hash = "sha256:d0fe3dce1e836e418f912c1ad91c73357d03e556a4d286f441bf34fed2dbeecf"},
    {file = "pydantic_core-2.46.3-cp314-cp314t-macosx_11_0_arm64.whl", hash = "sha256:9ce92e58abc722dac1bf835a6798a60b294e48eb0e625ec9fd994b932ac5feee"},
    {file = "pydantic_core-2.46.3-cp314-cp314t-manylinux_2_17_aarch64.manylinux2014_aarch64.whl", hash = "sha256:a03e6467f0f5ab796a486146d1b887b2dc5e5f9b3288898c1b1c3ad974e53e4a"},
    {file = "pydantic_core-2.46.3-cp314-cp314t-manylinux_2_17_armv7l.manylinux2014_armv7l.whl", hash = "sha256:2798b6ba041b9d70acfb9071a2ea13c8456dd1e6a5555798e41ba7b0790e329c"},
    {file = "pydantic_core-2.46.3-cp314-cp314t-manylinux_2_17_ppc64le.manylinux2014_ppc64le.whl", hash = "sha256:9be3e221bdc6d69abf294dcf7aff6af19c31a5cdcc8f0aa3b14be29df4bd03b1"},
    {file = "pydantic_core-2.46.3-cp314-cp314t-manylinux_2_17_s390x.manylinux2014_s390x.whl", hash = "sha256:f13936129ce841f2a5ddf6f126fea3c43cd128807b5a59588c37cf10178c2e64"},
    {file = "pydantic_core-2.46.3-cp314-cp314t-manylinux_2_17_x86_64.manylinux2014_x86_64.whl", hash = "sha256:28b5f2ef03416facccb1c6ef744c69793175fd27e44ef15669201601cf423acb"},
    {file = "pydantic_core-2.46.3-cp314-cp314t-manylinux_2_31_riscv64.whl", hash = "sha256:830d1247d77ad23852314f069e9d7ddafeec5f684baf9d7e7065ed46a049c4e6"},
    {file = "pydantic_core-2.46.3-cp314-cp314t-manylinux_2_5_i686.manylinux1_i686.whl", hash = "sha256:d0793c90c1a3c74966e7975eaef3ed30ebdff3260a0f815a62a22adc17e4c01c"},
    {file = "pydantic_core-2.46.3-cp314-cp314t-musllinux_1_1_aarch64.whl", hash = "sha256:d2d0aead851b66f5245ec0c4fb2612ef457f8bbafefdf65a2bf9d6bac6140f47"},
    {file = "pydantic_core-2.46.3-cp314-cp314t-musllinux_1_1_armv7l.whl", hash = "sha256:2f40e4246676beb31c5ce77c38a55ca4e465c6b38d11ea1bd935420568e0b1ab"},
    {file = "pydantic_core-2.46.3-cp314-cp314t-musllinux_1_1_x86_64.whl", hash = "sha256:cf489cf8986c543939aeee17a09c04d6ffb43bfef8ca16fcbcc5cfdcbed24dba"},
    {file = "pydantic_core-2.46.3-cp314-cp314t-win32.whl", hash = "sha256:ffe0883b56cfc05798bf994164d2b2ff03efe2d22022a2bb080f3b626176dd56"},
    {file = "pydantic_core-2.46.3-cp314-cp314t-win_amd64.whl", hash = "sha256:706d9d0ce9cf4593d07270d8e9f53b161f90c57d315aeec4fb4fd7a8b10240d8"},
    {file = "pydantic_core-2.46.3-cp314-cp314t-win_arm64.whl", hash = "sha256:77706aeb41df6a76568434701e0917da10692da28cb69d5fb6919ce5fdb07374"},
    {file = "pydantic_core-2.46.3-cp39-cp39-macosx_10_12_x86_64.whl", hash = "sha256:fa3eb7c2995aa443687a825bc30395c8521b7c6ec201966e55debfd1128bcceb"},
    {file = "pydantic_core-2.46.3-cp39-cp39-macosx_11_0_arm64.whl", hash = "sha256:3d08782c4045f90724b44c95d35ebec0d67edb8a957a2ac81d5a8e4b8a200495"},
    {file = "pydantic_core-2.46.3-cp39-cp39-manylinux_2_17_aarch64.manylinux2014_aarch64.whl", hash = "sha256:831eb19aa789a97356979e94c981e5667759301fb708d1c0d5adf1bc0098b873"},
    {file = "pydantic_core-2.46.3-cp39-cp39-manylinux_2_17_armv7l.manylinux2014_armv7l.whl", hash = "sha256:4335e87c7afa436a0dfa899e138d57a72f8aad542e2cf19c36fb428461caabd0"},
    {file = "pydantic_core-2.46.3-cp39-cp39-manylinux_2_17_ppc64le.manylinux2014_ppc64le.whl", hash = "sha256:99421e7684a60f7f3550a1d159ade5fdff1954baedb6bdd407cba6a307c9f27d"},
    {file = "pydantic_core-2.46.3-cp39-cp39-manylinux_2_17_s390x.manylinux2014_s390x.whl", hash = "sha256:dd81f6907932ebac3abbe41378dac64b2380db1287e2aa64d8d88f78d170f51a"},
    {file = "pydantic_core-2.46.3-cp39-cp39-manylinux_2_17_x86_64.manylinux2014_x86_64.whl", hash = "sha256:9f247596366f4221af52beddd65af1218797771d6989bc891a0b86ccaa019168"},
    {file = "pydantic_core-2.46.3-cp39-cp39-manylinux_2_31_riscv64.whl", hash = "sha256:6dff8cc884679df229ebc6d8eb2321ea6f8e091bc7d4886d4dc2e0e71452843c"},
    {file = "pydantic_core-2.46.3-cp39-cp39-manylinux_2_5_i686.manylinux1_i686.whl", hash = "sha256:68ef2f623dda6d5a9067ac014e406c020c780b2a358930a7e5c1b73702900720"},
    {file = "pydantic_core-2.46.3-cp39-cp39-musllinux_1_1_aarch64.whl", hash = "sha256:d56bdb4af1767cc15b0386b3c581fdfe659bb9ee4a4f776e92c1cd9d074000d6"},
    {file = "pydantic_core-2.46.3-cp39-cp39-musllinux_1_1_armv7l.whl", hash = "sha256:91249bcb7c165c2fb2a2f852dbc5c91636e2e218e75d96dfdd517e4078e173dd"},
    {file = "pydantic_core-2.46.3-cp39-cp39-musllinux_1_1_x86_64.whl", hash = "sha256:4b068543bdb707f5d935dab765d99227aa2545ef2820935f2e5dd801795c7dbd"},
    {file = "pydantic_core-2.46.3-cp39-cp39-win32.whl", hash = "sha256:dcda6583921c05a40533f982321532f2d8db29326c7b95c4026941fa5074bd79"},
    {file = "pydantic_core-2.46.3-cp39-cp39-win_amd64.whl", hash = "sha256:a35cc284c8dd7edae8a31533713b4d2467dfe7c4f1b5587dd4031f28f90d1d13"},
    {file = "pydantic_core-2.46.3-graalpy311-graalpy242_311_native-macosx_10_12_x86_64.whl", hash = "sha256:9715525891ed524a0a1eb6d053c74d4d4ad5017677fb00af0b7c2644a31bae46"},
    {file = "pydantic_core-2.46.3-graalpy311-graalpy242_311_native-macosx_11_0_arm64.whl", hash = "sha256:9d2f400712a99a013aff420ef1eb9be077f8189a36c1e3ef87660b4e1088a874"},
    {file = "pydantic_core-2.46.3-graalpy311-graalpy242_311_native-manylinux_2_17_aarch64.manylinux2014_aarch64.whl", hash = "sha256:bd2aab0e2e9dc2daf36bd2686c982535d5e7b1d930a1344a7bb6e82baab42a76"},
    {file = "pydantic_core-2.46.3-graalpy311-graalpy242_311_native-manylinux_2_17_x86_64.manylinux2014_x86_64.whl", hash = "sha256:4e9d76736da5f362fabfeea6a69b13b7f2be405c6d6966f06b2f6bfff7e64531"},
    {file = "pydantic_core-2.46.3-graalpy312-graalpy250_312_native-macosx_10_12_x86_64.whl", hash = "sha256:b12dd51f1187c2eb489af8e20f880362db98e954b54ab792fa5d92e8bcc6b803"},
    {file = "pydantic_core-2.46.3-graalpy312-graalpy250_312_native-macosx_11_0_arm64.whl", hash = "sha256:f00a0961b125f1a47af7bcc17f00782e12f4cd056f83416006b30111d941dfa3"},
    {file = "pydantic_core-2.46.3-graalpy312-graalpy250_312_native-manylinux_2_17_aarch64.manylinux2014_aarch64.whl", hash = "sha256:57697d7c056aca4bbb680200f96563e841a6386ac1129370a0102592f4dddff5"},
    {file = "pydantic_core-2.46.3-graalpy312-graalpy250_312_native-manylinux_2_17_x86_64.manylinux2014_x86_64.whl", hash = "sha256:fd35aa21299def8db7ef4fe5c4ff862941a9a158ca7b63d61e66fe67d30416b4"},
    {file = "pydantic_core-2.46.3-pp311-pypy311_pp73-macosx_10_12_x86_64.whl", hash = "sha256:13afdd885f3d71280cf286b13b310ee0f7ccfefd1dbbb661514a474b726e2f25"},
    {file = "pydantic_core-2.46.3-pp311-pypy311_pp73-macosx_11_0_arm64.whl", hash = "sha256:f91c0aff3e3ee0928edd1232c57f643a7a003e6edf1860bc3afcdc749cb513f3"},
    {file = "pydantic_core-2.46.3-pp311-pypy311_pp73-manylinux_2_17_x86_64.manylinux2014_x86_64.whl", hash = "sha256:6529d1d128321a58d30afcc97b49e98836542f68dd41b33c2e972bb9e5290536"},
    {file = "pydantic_core-2.46.3-pp311-pypy311_pp73-manylinux_2_5_i686.manylinux1_i686.whl", hash = "sha256:975c267cff4f7e7272eacbe50f6cc03ca9a3da4c4fbd66fffd89c94c1e311aa1"},
    {file = "pydantic_core-2.46.3-pp311-pypy311_pp73-musllinux_1_1_aarch64.whl", hash = "sha256:2b8e4f2bbdf71415c544b4b1138b8060db7b6611bc927e8064c769f64bed651c"},
    {file = "pydantic_core-2.46.3-pp311-pypy311_pp73-musllinux_1_1_armv7l.whl", hash = "sha256:e61ea8e9fff9606d09178f577ff8ccdd7206ff73d6552bcec18e1033c4254b85"},
    {file = "pydantic_core-2.46.3-pp311-pypy311_pp73-musllinux_1_1_x86_64.whl", hash = "sha256:b504bda01bafc69b6d3c7a0c7f039dcf60f47fab70e06fe23f57b5c75bdc82b8"},
    {file = "pydantic_core-2.46.3-pp311-pypy311_pp73-win_amd64.whl", hash = "sha256:b00b76f7142fc60c762ce579bd29c8fa44aaa56592dd3c54fab3928d0d4ca6ff"},
    {file = "pydantic_core-2.46.3.tar.gz", hash = "sha256:41c178f65b8c29807239d47e6050262eb6bf84eb695e41101e62e38df4a5bc2c"},
]

[package.dependencies]
typing-extensions = ">=4.14.1"

[[package]]
name = "pydantic-settings"
version = "2.14.0"
description = "Settings management using Pydantic"
optional = false
python-versions = ">=3.10"
groups = ["main"]
files = [
    {file = "pydantic_settings-2.14.0-py3-none-any.whl", hash = "sha256:fc8d5d692eb7092e43c8647c1c35a3ecd00e040fcf02ed86f4cb5458ca62182e"},
    {file = "pydantic_settings-2.14.0.tar.gz", hash = "sha256:24285fd4b0e0c06507dd9fdfd331ee23794305352aaec8fc4eb92d4047aeb67d"},
]

[package.dependencies]
pydantic = ">=2.7.0"
python-dotenv = ">=0.21.0"
typing-inspection = ">=0.4.0"

[package.extras]
aws-secrets-manager = ["boto3 (>=1.35.0)", "types-boto3[secretsmanager]"]
azure-key-vault = ["azure-identity (>=1.16.0)", "azure-keyvault-secrets (>=4.8.0)"]
gcp-secret-manager = ["google-cloud-secret-manager (>=2.23.1)"]
toml = ["tomli (>=2.0.1)"]
yaml = ["pyyaml (>=6.0.1)"]

[[package]]
name = "python-dateutil"
version = "2.9.0.post0"
description = "Extensions to the standard Python datetime module"
optional = false
python-versions = "!=3.0.*,!=3.1.*,!=3.2.*,>=2.7"
groups = ["main"]
files = [
    {file = "python-dateutil-2.9.0.post0.tar.gz", hash = "sha256:37dd54208da7e1cd875388217d5e00ebd4179249f90fb72437e91a35459a0ad3"},
    {file = "python_dateutil-2.9.0.post0-py2.py3-none-any.whl", hash = "sha256:a8b2bc7bffae282281c8140a97d3aa9c14da0b136dfe83f850eea9a5f7470427"},
]

[package.dependencies]
six = ">=1.5"

[[package]]
name = "python-dotenv"
version = "1.2.2"
description = "Read key-value pairs from a .env file and set them as environment variables"
optional = false
python-versions = ">=3.10"
groups = ["main"]
files = [
    {file = "python_dotenv-1.2.2-py3-none-any.whl", hash = "sha256:1d8214789a24de455a8b8bd8ae6fe3c6b69a5e3d64aa8a8e5d68e694bbcb285a"},
    {file = "python_dotenv-1.2.2.tar.gz", hash = "sha256:2c371a91fbd7ba082c2c1dc1f8bf89ca22564a087c2c287cd9b662adde799cf3"},
]

[package.extras]
cli = ["click (>=5.0)"]

[[package]]
name = "six"
version = "1.17.0"
description = "Python 2 and 3 compatibility utilities"
optional = false
python-versions = "!=3.0.*,!=3.1.*,!=3.2.*,>=2.7"
groups = ["main"]
files = [
    {file = "six-1.17.0-py2.py3-none-any.whl", hash = "sha256:4721f391ed90541fddacab5acf947aa0d3dc7d27b2e1e8eda2be8970586c3274"},
    {file = "six-1.17.0.tar.gz", hash = "sha256:ff70335d468e7eb6ec65b95b99d3a2836546063f63acc5171de367e834932a81"},
]

[[package]]
name = "strenum"
version = "0.4.15"
description = "An Enum that inherits from str."
optional = false
python-versions = "*"
groups = ["main"]
files = [
    {file = "StrEnum-0.4.15-py3-none-any.whl", hash = "sha256:a30cda4af7cc6b5bf52c8055bc4bf4b2b6b14a93b574626da33df53cf7740659"},
    {file = "StrEnum-0.4.15.tar.gz", hash = "sha256:878fb5ab705442070e4dd1929bb5e2249511c0bcf2b0eeacf3bcd80875c82eff"},
]

[package.extras]
docs = ["myst-parser[linkify]", "sphinx", "sphinx-rtd-theme"]
release = ["twine"]
test = ["pylint", "pytest", "pytest-black", "pytest-cov", "pytest-pylint"]

[[package]]
name = "typing-extensions"
version = "4.15.0"
description = "Backported and Experimental Type Hints for Python 3.9+"
optional = false
python-versions = ">=3.9"
groups = ["main"]
files = [
    {file = "typing_extensions-4.15.0-py3-none-any.whl", hash = "sha256:f0fa19c6845758ab08074a0cfa8b7aecb71c999ca73d62883bc25cc018c4e548"},
    {file = "typing_extensions-4.15.0.tar.gz", hash = "sha256:0cea48d173cc12fa28ecabc3b837ea3cf6f38c6d1136f85cbaaf598984861466"},
]

[[package]]
name = "typing-inspection"
version = "0.4.2"
description = "Runtime typing introspection tools"
optional = false
python-versions = ">=3.9"
groups = ["main"]
files = [
    {file = "typing_inspection-0.4.2-py3-none-any.whl", hash = "sha256:4ed1cacbdc298c220f1bd249ed5287caa16f34d44ef4e9c3d0cbad5b521545e7"},
    {file = "typing_inspection-0.4.2.tar.gz", hash = "sha256:ba561c48a67c5958007083d386c3295464928b01faa735ab8547c5692e87f464"},
]

[package.dependencies]
typing-extensions = ">=4.12.0"

[[package]]
name = "tzdata"
version = "2026.2"
description = "Provider of IANA time zone data"
optional = false
python-versions = ">=2"
groups = ["main"]
markers = "sys_platform == \"win32\" or sys_platform == \"emscripten\""
files = [
    {file = "tzdata-2026.2-py2.py3-none-any.whl", hash = "sha256:bbe9af844f658da81a5f95019480da3a89415801f6cc966806612cc7169bffe7"},
    {file = "tzdata-2026.2.tar.gz", hash = "sha256:9173fde7d80d9018e02a662e168e5a2d04f87c41ea174b139fbef642eda62d10"},
]

[metadata]
lock-version = "2.1"
python-versions = ">=3.11,<3.14"
content-hash = "cbb2a3c62999ee34cbb0756fcc8a8297b7359df9dd3d3bd1a866e2eabdbb233c"
